
Microsoft Visual Studio Solution File, Format Version 12.00
# Visual Studio Version 17
VisualStudioVersion = 17.2.32616.157
MinimumVisualStudioVersion = 10.0.40219.1
Project("{FAE04EC0-301F-11D3-BF4B-00C04F79EFBC}") = "İnsanKaynaklari", "İnsanKaynaklari\İnsanKaynaklari.csproj", "{4C29C619-19A3-41A7-A2C3-86238E8245A2}"
EndProject
Global
	GlobalSection(SolutionConfigurationPlatforms) = preSolution
		Debug|Any CPU = Debug|Any CPU
		Release|Any CPU = Release|Any CPU
	EndGlobalSection
	GlobalSection(ProjectConfigurationPlatforms) = postSolution
		{4C29C619-19A3-41A7-A2C3-86238E8245A2}.Debug|Any CPU.ActiveCfg = Debug|Any CPU
		{4C29C619-19A3-41A7-A2C3-86238E8245A2}.Debug|Any CPU.Build.0 = Debug|Any CPU
		{4C29C619-19A3-41A7-A2C3-86238E8245A2}.Release|Any CPU.ActiveCfg = Release|Any CPU
		{4C29C619-19A3-41A7-A2C3-86238E8245A2}.Release|Any CPU.Build.0 = Release|Any CPU
	EndGlobalSection
	GlobalSection(SolutionProperties) = preSolution
		HideSolutionNode = FALSE
	EndGlobalSection
	GlobalSection(ExtensibilityGlobals) = postSolution
		SolutionGuid = {D64CA06B-775B-4EAF-9034-01120725600B}
	EndGlobalSection
EndGlobal
